
Microsoft Visual Studio Solution File, Format Version 12.00
# Visual Studio 14
VisualStudioVersion = 14.0.25123.0
MinimumVisualStudioVersion = 10.0.40219.1
Project("{F184B08F-C81C-45F6-A57F-5ABD9991F28F}") = "Client客户端", "Client客户端\Client客户端.vbproj", "{3E8B89B1-2F9D-42B9-9141-239D66A0209D}"
EndProject
Project("{F184B08F-C81C-45F6-A57F-5ABD9991F28F}") = "Server服务端", "Server服务端\Server服务端.vbproj", "{2CDBB1BC-7816-4045-A77D-364AFD72F720}"
EndProject
Global
	GlobalSection(SolutionConfigurationPlatforms) = preSolution
		Debug|Any CPU = Debug|Any CPU
		Release|Any CPU = Release|Any CPU
	EndGlobalSection
	GlobalSection(ProjectConfigurationPlatforms) = postSolution
		{3E8B89B1-2F9D-42B9-9141-239D66A0209D}.Debug|Any CPU.ActiveCfg = Debug|Any CPU
		{3E8B89B1-2F9D-42B9-9141-239D66A0209D}.Debug|Any CPU.Build.0 = Debug|Any CPU
		{3E8B89B1-2F9D-42B9-9141-239D66A0209D}.Release|Any CPU.ActiveCfg = Release|Any CPU
		{3E8B89B1-2F9D-42B9-9141-239D66A0209D}.Release|Any CPU.Build.0 = Release|Any CPU
		{2CDBB1BC-7816-4045-A77D-364AFD72F720}.Debug|Any CPU.ActiveCfg = Debug|Any CPU
		{2CDBB1BC-7816-4045-A77D-364AFD72F720}.Debug|Any CPU.Build.0 = Debug|Any CPU
		{2CDBB1BC-7816-4045-A77D-364AFD72F720}.Release|Any CPU.ActiveCfg = Release|Any CPU
		{2CDBB1BC-7816-4045-A77D-364AFD72F720}.Release|Any CPU.Build.0 = Release|Any CPU
	EndGlobalSection
	GlobalSection(SolutionProperties) = preSolution
		HideSolutionNode = FALSE
	EndGlobalSection
EndGlobal
